
Microsoft Visual Studio Solution File, Format Version 12.00
# Visual Studio Version 16
VisualStudioVersion = 16.0.31515.178
MinimumVisualStudioVersion = 10.0.40219.1
Project("{8BC9CEB8-8B4A-11D0-8D11-00A0C91BC942}") = "tank_learn", "tank_learn\tank_learn.vcxproj", "{BFC8E9BB-30CA-4AD9-9EFC-F957DA181F27}"
EndProject
Global
	GlobalSection(SolutionConfigurationPlatforms) = preSolution
		Debug|x64 = Debug|x64
		Debug|x86 = Debug|x86
		Release|x64 = Release|x64
		Release|x86 = Release|x86
	EndGlobalSection
	GlobalSection(ProjectConfigurationPlatforms) = postSolution
		{BFC8E9BB-30CA-4AD9-9EFC-F957DA181F27}.Debug|x64.ActiveCfg = Debug|x64
		{BFC8E9BB-30CA-4AD9-9EFC-F957DA181F27}.Debug|x64.Build.0 = Debug|x64
		{BFC8E9BB-30CA-4AD9-9EFC-F957DA181F27}.Debug|x86.ActiveCfg = Debug|Win32
		{BFC8E9BB-30CA-4AD9-9EFC-F957DA181F27}.Debug|x86.Build.0 = Debug|Win32
		{BFC8E9BB-30CA-4AD9-9EFC-F957DA181F27}.Release|x64.ActiveCfg = Release|x64
		{BFC8E9BB-30CA-4AD9-9EFC-F957DA181F27}.Release|x64.Build.0 = Release|x64
		{BFC8E9BB-30CA-4AD9-9EFC-F957DA181F27}.Release|x86.ActiveCfg = Release|Win32
		{BFC8E9BB-30CA-4AD9-9EFC-F957DA181F27}.Release|x86.Build.0 = Release|Win32
	EndGlobalSection
	GlobalSection(SolutionProperties) = preSolution
		HideSolutionNode = FALSE
	EndGlobalSection
	GlobalSection(ExtensibilityGlobals) = postSolution
		SolutionGuid = {54735A7B-B2E4-4F92-B6A1-0019917B712C}
	EndGlobalSection
EndGlobal
